
Microsoft Visual Studio Solution File, Format Version 12.00
# Visual Studio Version 17
VisualStudioVersion = 17.5.33424.131
MinimumVisualStudioVersion = 10.0.40219.1
Project("{FAE04EC0-301F-11D3-BF4B-00C04F79EFBC}") = "CalculadoraOpcoes", "CalculadoraOpcoes\CalculadoraOpcoes.csproj", "{2F66927F-7304-48A5-B8C0-29AAFD4E99DC}"
EndProject
Global
	GlobalSection(SolutionConfigurationPlatforms) = preSolution
		Debug|Any CPU = Debug|Any CPU
		Release|Any CPU = Release|Any CPU
	EndGlobalSection
	GlobalSection(ProjectConfigurationPlatforms) = postSolution
		{2F66927F-7304-48A5-B8C0-29AAFD4E99DC}.Debug|Any CPU.ActiveCfg = Debug|Any CPU
		{2F66927F-7304-48A5-B8C0-29AAFD4E99DC}.Debug|Any CPU.Build.0 = Debug|Any CPU
		{2F66927F-7304-48A5-B8C0-29AAFD4E99DC}.Release|Any CPU.ActiveCfg = Release|Any CPU
		{2F66927F-7304-48A5-B8C0-29AAFD4E99DC}.Release|Any CPU.Build.0 = Release|Any CPU
	EndGlobalSection
	GlobalSection(SolutionProperties) = preSolution
		HideSolutionNode = FALSE
	EndGlobalSection
	GlobalSection(ExtensibilityGlobals) = postSolution
		SolutionGuid = {813EC0CA-F976-4C4C-8E18-90F726B30C22}
	EndGlobalSection
EndGlobal
